
Microsoft Visual Studio Solution File, Format Version 12.00
# Visual Studio Version 17
VisualStudioVersion = 17.8.34601.278
MinimumVisualStudioVersion = 10.0.40219.1
Project("{FAE04EC0-301F-11D3-BF4B-00C04F79EFBC}") = "Sistema de OS", "Sistema de OS\Sistema de OS.csproj", "{0CFAC398-C3C4-406F-B082-618D22B0310C}"
EndProject
Global
	GlobalSection(SolutionConfigurationPlatforms) = preSolution
		Debug|Any CPU = Debug|Any CPU
		Release|Any CPU = Release|Any CPU
	EndGlobalSection
	GlobalSection(ProjectConfigurationPlatforms) = postSolution
		{0CFAC398-C3C4-406F-B082-618D22B0310C}.Debug|Any CPU.ActiveCfg = Debug|Any CPU
		{0CFAC398-C3C4-406F-B082-618D22B0310C}.Debug|Any CPU.Build.0 = Debug|Any CPU
		{0CFAC398-C3C4-406F-B082-618D22B0310C}.Release|Any CPU.ActiveCfg = Release|Any CPU
		{0CFAC398-C3C4-406F-B082-618D22B0310C}.Release|Any CPU.Build.0 = Release|Any CPU
	EndGlobalSection
	GlobalSection(SolutionProperties) = preSolution
		HideSolutionNode = FALSE
	EndGlobalSection
	GlobalSection(ExtensibilityGlobals) = postSolution
		SolutionGuid = {34D67ACB-EAB1-4D21-B1F7-DA5636A041AA}
	EndGlobalSection
EndGlobal
